
Microsoft Visual Studio Solution File, Format Version 12.00
# Visual Studio 15
VisualStudioVersion = 15.0.28307.1525
MinimumVisualStudioVersion = 10.0.40219.1
Project("{FAE04EC0-301F-11D3-BF4B-00C04F79EFBC}") = "SPI Data Comp Tool", "SPI Data Comp Tool\SPI Data Comp Tool.csproj", "{1F75F22C-9625-428F-9941-CC3DA205ECD3}"
EndProject
Global
	GlobalSection(SolutionConfigurationPlatforms) = preSolution
		Debug|Any CPU = Debug|Any CPU
		Debug|x64 = Debug|x64
		Release|Any CPU = Release|Any CPU
		Release|x64 = Release|x64
	EndGlobalSection
	GlobalSection(ProjectConfigurationPlatforms) = postSolution
		{1F75F22C-9625-428F-9941-CC3DA205ECD3}.Debug|Any CPU.ActiveCfg = Debug|Any CPU
		{1F75F22C-9625-428F-9941-CC3DA205ECD3}.Debug|Any CPU.Build.0 = Debug|Any CPU
		{1F75F22C-9625-428F-9941-CC3DA205ECD3}.Debug|x64.ActiveCfg = Debug|x64
		{1F75F22C-9625-428F-9941-CC3DA205ECD3}.Debug|x64.Build.0 = Debug|x64
		{1F75F22C-9625-428F-9941-CC3DA205ECD3}.Release|Any CPU.ActiveCfg = Release|Any CPU
		{1F75F22C-9625-428F-9941-CC3DA205ECD3}.Release|Any CPU.Build.0 = Release|Any CPU
		{1F75F22C-9625-428F-9941-CC3DA205ECD3}.Release|x64.ActiveCfg = Release|x64
		{1F75F22C-9625-428F-9941-CC3DA205ECD3}.Release|x64.Build.0 = Release|x64
	EndGlobalSection
	GlobalSection(SolutionProperties) = preSolution
		HideSolutionNode = FALSE
	EndGlobalSection
	GlobalSection(ExtensibilityGlobals) = postSolution
		SolutionGuid = {CC6E2BF7-1AA6-4C39-AE5B-3C1BA0FA9128}
	EndGlobalSection
EndGlobal
